
Microsoft Visual Studio Solution File, Format Version 12.00
Project("{FAE04EC0-301F-11D3-BF4B-00C04F79EFBC}") = "Server", "Server\Server.csproj", "{1C8FB6B1-BB68-44B7-926E-1DE0EDEE57CA}"
EndProject
Project("{FAE04EC0-301F-11D3-BF4B-00C04F79EFBC}") = "Client", "Client\Client.csproj", "{26183F0B-392E-49C5-91F7-4DF3B7083999}"
EndProject
Global
	GlobalSection(SolutionConfigurationPlatforms) = preSolution
		Debug|Any CPU = Debug|Any CPU
		Release|Any CPU = Release|Any CPU
	EndGlobalSection
	GlobalSection(ProjectConfigurationPlatforms) = postSolution
		{1C8FB6B1-BB68-44B7-926E-1DE0EDEE57CA}.Debug|Any CPU.ActiveCfg = Debug|Any CPU
		{1C8FB6B1-BB68-44B7-926E-1DE0EDEE57CA}.Debug|Any CPU.Build.0 = Debug|Any CPU
		{1C8FB6B1-BB68-44B7-926E-1DE0EDEE57CA}.Release|Any CPU.ActiveCfg = Release|Any CPU
		{1C8FB6B1-BB68-44B7-926E-1DE0EDEE57CA}.Release|Any CPU.Build.0 = Release|Any CPU
		{26183F0B-392E-49C5-91F7-4DF3B7083999}.Debug|Any CPU.ActiveCfg = Debug|Any CPU
		{26183F0B-392E-49C5-91F7-4DF3B7083999}.Debug|Any CPU.Build.0 = Debug|Any CPU
		{26183F0B-392E-49C5-91F7-4DF3B7083999}.Release|Any CPU.ActiveCfg = Release|Any CPU
		{26183F0B-392E-49C5-91F7-4DF3B7083999}.Release|Any CPU.Build.0 = Release|Any CPU
	EndGlobalSection
EndGlobal
